
Microsoft Visual Studio Solution File, Format Version 12.00
# Visual Studio Version 16
VisualStudioVersion = 16.0.32901.82
MinimumVisualStudioVersion = 10.0.40219.1
Project("{FAE04EC0-301F-11D3-BF4B-00C04F79EFBC}") = "ModelBinding_11106(Gina)", "ModelBinding_11106\ModelBinding_11106(Gina).csproj", "{83BAE7F0-3357-4C37-A8FC-5122BD07A0AE}"
EndProject
Project("{FAE04EC0-301F-11D3-BF4B-00C04F79EFBC}") = "ModelBindingAPI_MVC", "ModelBindingAPI_MVC\ModelBindingAPI_MVC.csproj", "{04833CF2-F34F-43B9-AFF1-20B2D59F1F63}"
EndProject
Project("{FAE04EC0-301F-11D3-BF4B-00C04F79EFBC}") = "ModelBinding_11115", "ModelBinding_11115\ModelBinding_11115.csproj", "{5883149A-D2D4-4B44-8CFD-3E57CB8E7E63}"
EndProject
Global
	GlobalSection(SolutionConfigurationPlatforms) = preSolution
		Debug|Any CPU = Debug|Any CPU
		Release|Any CPU = Release|Any CPU
	EndGlobalSection
	GlobalSection(ProjectConfigurationPlatforms) = postSolution
		{83BAE7F0-3357-4C37-A8FC-5122BD07A0AE}.Debug|Any CPU.ActiveCfg = Debug|Any CPU
		{83BAE7F0-3357-4C37-A8FC-5122BD07A0AE}.Debug|Any CPU.Build.0 = Debug|Any CPU
		{83BAE7F0-3357-4C37-A8FC-5122BD07A0AE}.Release|Any CPU.ActiveCfg = Release|Any CPU
		{83BAE7F0-3357-4C37-A8FC-5122BD07A0AE}.Release|Any CPU.Build.0 = Release|Any CPU
		{04833CF2-F34F-43B9-AFF1-20B2D59F1F63}.Debug|Any CPU.ActiveCfg = Debug|Any CPU
		{04833CF2-F34F-43B9-AFF1-20B2D59F1F63}.Debug|Any CPU.Build.0 = Debug|Any CPU
		{04833CF2-F34F-43B9-AFF1-20B2D59F1F63}.Release|Any CPU.ActiveCfg = Release|Any CPU
		{04833CF2-F34F-43B9-AFF1-20B2D59F1F63}.Release|Any CPU.Build.0 = Release|Any CPU
		{5883149A-D2D4-4B44-8CFD-3E57CB8E7E63}.Debug|Any CPU.ActiveCfg = Debug|Any CPU
		{5883149A-D2D4-4B44-8CFD-3E57CB8E7E63}.Debug|Any CPU.Build.0 = Debug|Any CPU
		{5883149A-D2D4-4B44-8CFD-3E57CB8E7E63}.Release|Any CPU.ActiveCfg = Release|Any CPU
		{5883149A-D2D4-4B44-8CFD-3E57CB8E7E63}.Release|Any CPU.Build.0 = Release|Any CPU
	EndGlobalSection
	GlobalSection(SolutionProperties) = preSolution
		HideSolutionNode = FALSE
	EndGlobalSection
	GlobalSection(ExtensibilityGlobals) = postSolution
		SolutionGuid = {D9C17D03-46F3-454C-924C-289A97B95A80}
	EndGlobalSection
EndGlobal
